
Microsoft Visual Studio Solution File, Format Version 12.00
# Visual Studio 15
VisualStudioVersion = 15.0.28307.960
MinimumVisualStudioVersion = 10.0.40219.1
Project("{FAE04EC0-301F-11D3-BF4B-00C04F79EFBC}") = "Ninjacrab.PersistentWindows.Common", "Ninjacrab.PersistentWindows.Common\Ninjacrab.PersistentWindows.Common.csproj", "{4CC8B3FB-214B-42AB-8AAE-E7DC5E266EF0}"
EndProject
Project("{FAE04EC0-301F-11D3-BF4B-00C04F79EFBC}") = "Ninjacrab.PersistentWindows.SystrayShell", "Ninjacrab.PersistentWindows.SystrayShell\Ninjacrab.PersistentWindows.SystrayShell.csproj", "{A728279C-F567-4E54-8BC6-90A66DC3EF57}"
EndProject
Global
	GlobalSection(SolutionConfigurationPlatforms) = preSolution
		Debug|Any CPU = Debug|Any CPU
		Release|Any CPU = Release|Any CPU
	EndGlobalSection
	GlobalSection(ProjectConfigurationPlatforms) = postSolution
		{4CC8B3FB-214B-42AB-8AAE-E7DC5E266EF0}.Debug|Any CPU.ActiveCfg = Debug|Any CPU
		{4CC8B3FB-214B-42AB-8AAE-E7DC5E266EF0}.Debug|Any CPU.Build.0 = Debug|Any CPU
		{4CC8B3FB-214B-42AB-8AAE-E7DC5E266EF0}.Release|Any CPU.ActiveCfg = Release|Any CPU
		{4CC8B3FB-214B-42AB-8AAE-E7DC5E266EF0}.Release|Any CPU.Build.0 = Release|Any CPU
		{A728279C-F567-4E54-8BC6-90A66DC3EF57}.Debug|Any CPU.ActiveCfg = Debug|Any CPU
		{A728279C-F567-4E54-8BC6-90A66DC3EF57}.Debug|Any CPU.Build.0 = Debug|Any CPU
		{A728279C-F567-4E54-8BC6-90A66DC3EF57}.Release|Any CPU.ActiveCfg = Release|Any CPU
		{A728279C-F567-4E54-8BC6-90A66DC3EF57}.Release|Any CPU.Build.0 = Release|Any CPU
	EndGlobalSection
	GlobalSection(SolutionProperties) = preSolution
		HideSolutionNode = FALSE
	EndGlobalSection
	GlobalSection(ExtensibilityGlobals) = postSolution
		SolutionGuid = {B8B22310-35AA-4C5E-9ADA-7C88521554BF}
	EndGlobalSection
EndGlobal
